
Microsoft Visual Studio Solution File, Format Version 12.00
# Visual Studio Version 17
VisualStudioVersion = 17.11.35208.52
MinimumVisualStudioVersion = 10.0.40219.1
Project("{FAE04EC0-301F-11D3-BF4B-00C04F79EFBC}") = "MVVMQ32024DEMOCONLIBRERIA", "MVVMQ32024DEMOCONLIBRERIA\MVVMQ32024DEMOCONLIBRERIA.csproj", "{158DA58A-F19C-4365-8313-CA07C6462C84}"
EndProject
Global
	GlobalSection(SolutionConfigurationPlatforms) = preSolution
		Debug|Any CPU = Debug|Any CPU
		Release|Any CPU = Release|Any CPU
	EndGlobalSection
	GlobalSection(ProjectConfigurationPlatforms) = postSolution
		{158DA58A-F19C-4365-8313-CA07C6462C84}.Debug|Any CPU.ActiveCfg = Debug|Any CPU
		{158DA58A-F19C-4365-8313-CA07C6462C84}.Debug|Any CPU.Build.0 = Debug|Any CPU
		{158DA58A-F19C-4365-8313-CA07C6462C84}.Debug|Any CPU.Deploy.0 = Debug|Any CPU
		{158DA58A-F19C-4365-8313-CA07C6462C84}.Release|Any CPU.ActiveCfg = Release|Any CPU
		{158DA58A-F19C-4365-8313-CA07C6462C84}.Release|Any CPU.Build.0 = Release|Any CPU
		{158DA58A-F19C-4365-8313-CA07C6462C84}.Release|Any CPU.Deploy.0 = Release|Any CPU
	EndGlobalSection
	GlobalSection(SolutionProperties) = preSolution
		HideSolutionNode = FALSE
	EndGlobalSection
	GlobalSection(ExtensibilityGlobals) = postSolution
		SolutionGuid = {56E1C151-F9B8-4213-90AA-DAC646525028}
	EndGlobalSection
EndGlobal
